
Microsoft Visual Studio Solution File, Format Version 12.00
# Visual Studio Version 17
VisualStudioVersion = 17.3.32825.248
MinimumVisualStudioVersion = 10.0.40219.1
Project("{9A19103F-16F7-4668-BE54-9A1E7A4F7556}") = "HttpKeyboardMouse", "HttpKeyboardMouse\HttpKeyboardMouse.csproj", "{3C2E613C-B2E3-4DF6-9FC4-9A855A3CE4C9}"
EndProject
Global
	GlobalSection(SolutionConfigurationPlatforms) = preSolution
		Debug|Any CPU = Debug|Any CPU
		Release|Any CPU = Release|Any CPU
	EndGlobalSection
	GlobalSection(ProjectConfigurationPlatforms) = postSolution
		{3C2E613C-B2E3-4DF6-9FC4-9A855A3CE4C9}.Debug|Any CPU.ActiveCfg = Debug|Any CPU
		{3C2E613C-B2E3-4DF6-9FC4-9A855A3CE4C9}.Debug|Any CPU.Build.0 = Debug|Any CPU
		{3C2E613C-B2E3-4DF6-9FC4-9A855A3CE4C9}.Release|Any CPU.ActiveCfg = Release|Any CPU
		{3C2E613C-B2E3-4DF6-9FC4-9A855A3CE4C9}.Release|Any CPU.Build.0 = Release|Any CPU
	EndGlobalSection
	GlobalSection(SolutionProperties) = preSolution
		HideSolutionNode = FALSE
	EndGlobalSection
	GlobalSection(ExtensibilityGlobals) = postSolution
		SolutionGuid = {75275E4B-CC0C-4A2C-B6D7-1D202CB98342}
	EndGlobalSection
EndGlobal
